c5512fb494945183219f23fe3edd05c601a09c396c5771bd750bf8a079b62d3e  ast-grep/SKILL.md
c60bc47a3108a6682ee687ad83850076a25e613cb25194fd401f11975e469035  coding-agent-sessions/SKILL.md
278bc6eed27f349e167b0bcd3eafa175e2caf2a8b4e1b8a496381f39b3a930e9  data-scientist/SKILL.md
8384561eb5a48aa444c0f6ba41f5104244d6313b01bd9389cf2421387fbbfb31  debugging/SKILL.md
cb3a0ca65af2f94e03151a0caaf87bbe748dc7b5f09d77358f9dcbdb9b9764a2  frontend/SKILL.md
1be137cfb44c11c2df9b91795cb69174ba0f98ceb8021468b3790c65698d67df  git-master/SKILL.md
e91afd9d818564e2c65483d01cb2b3d5a6e64fe2484e54009812ae1d3cce10fa  init-deep/SKILL.md
6d371892a29c28add6c98e438aab3c6575984a7fc0b746cd172eca00b0ace30e  kdocs/SKILL.md
fee377eca410dcda36b0bbbd632aab085b2e26e8232bb2ff88d394a1571d5ae2  lark-approval/SKILL.md
4bd8d41467b40f1aa1d0e115a36d9c7115d5bb79d31e0809f0f1b48ec85e4bd9  lark-apps/SKILL.md
a0ea5f3fa176496dda31d912f7e55ad7cfed5243b30567d16e7f9dc96eebbe8b  lark-attendance/SKILL.md
aef3c07dbeb11cc87352b217fd3d9868b41f31f0cf3ae3de906e4e8443c4a01e  lark-base/SKILL.md
9cbe54d4ade48b6404b423854d8fdb185baeb2c1cbff0aef61e7a76b58212726  lark-calendar/SKILL.md
3f8cd36b6dfddfc4974ec3f796b4163d6511aafabd46f7eeacb2798c647f8f06  lark-contact/SKILL.md
249110f21116d2e1eb09cc1b9b266889f290be57944975236254945dada65c0c  lark-doc/SKILL.md
5423817c78709d70b0b84bb7bee15b8abc21c5982fc48c7e37ca2ddc42972c19  lark-drive/SKILL.md
37a53e919b24d494624a519c7d34b40f2fd6613d080ada8cc90bf59fd3442aea  lark-event/SKILL.md
287bed8d773465befcf3da93bfb3c829e111c3ae6c8fa087724f9d69d0f2e5cf  lark-im/SKILL.md
bee1da98483c1dfc1d6dc3b5a4ac6403279dad6f6a8bde77f7fdb5b1f4725d38  lark-mail/SKILL.md
50024d5e506a95f122fb818011b7624c1948342ea8617089a102fcd72bab0a1b  lark-markdown/SKILL.md
00d8955b0e5326bf1d7c5c2149ecc8a8b73bed7c9609797a9e8576aeb024e535  lark-minutes/SKILL.md
51ce47948e5ea9361dd0ecc6633519b01dfa8ae86729874217d08a0b0831df48  lark-note/SKILL.md
658ec51f59e3af529064821fb5fbee2ed3ff5cac9e22b66887541cfab4353772  lark-okr/SKILL.md
ae89debc3f807f9947831b4525e1c118bc14544877c14c14aaa47298b1e863b4  lark-openapi-explorer/SKILL.md
036e6fe4f45ee16dfd9271d4f4bfcaa97069de1e96a8e19a28b0bb9f45193296  lark-shared/SKILL.md
8c470db8e85b38ff81de56255f878f63ba4822bc892ba3355386435eca41e2fa  lark-sheets/SKILL.md
8591158289a3cb003c7ac18001ce6b42837c780d2567492cea87bf98982b3678  lark-skill-maker/SKILL.md
edd9faa1f576589211ec622aa00b9f2acb726641a9ff20ac19d932e5a291e216  lark-slides/SKILL.md
c9bae3576de69599b8b0587c120042fe8e6b27e9837b2d23ee6f43ca4974a41a  lark-task/SKILL.md
1d6d57b68e23e965d7f7b6510414dce04d5dcaa6efcf51e9a80db3f6bf27f973  lark-vc-agent/SKILL.md
07663b7ba87a5ab97e6b23f453ceb619b4de365720998d143fabe9b57c0ecb76  lark-vc/SKILL.md
bb4e249612ad80f8be13c4c555a220db5192f1311651613f36ad0933d832d595  lark-whiteboard/SKILL.md
ef3c2f766db1a85426bcae9609a0ecfcfe931962c27d95231cfd6dd7c75d18dd  lark-wiki/SKILL.md
ad3db979a2e6d8932ab33058967e1dab82090f8d8d82b16c59ee2955eb967d61  lark-workflow-meeting-summary/SKILL.md
a283de746e65f97d7d25c3b9e351c2e5c16702be81c0f004d5be718c50994690  lark-workflow-standup-report/SKILL.md
42bf87caa5030af0bf693b1feac59530f1ad7428e2a1d8ca1344ece3084782ce  lsp-setup/SKILL.md
29e3a97cb4036f257e0785f7bd66644df4cb657f143cc184bda715dd09659eec  programming/SKILL.md
31bd5c62f1b9075552768362b1a413b74e1f8f0bb1f78c6ff49e16d6e8f7b988  refactor/SKILL.md
90e250c79fb111017f5eb52d0ad0e804c7314e974b43acae6ef353b6281e8560  remove-ai-slops/SKILL.md
bd02445f639ffdfd48b6061e9aba27c3ba3252ef453aa1fee910e8c197e44395  review-work/SKILL.md
46bb59a181afb87bed0422168d18f42a9fb7f344b0c49734a7abc4f36a79cf1f  start-work/SKILL.md
b3d974e28376e900ec8d77a3d0fa4cef71151f6743eaccbc18d798987e565182  ultimate-browsing/SKILL.md
ba34fdf47344a754cd04db7f099c4834509dc27932d75f026c04ca5f42f2bd7a  ulw-plan/SKILL.md
d264a7a8553758f89b6b0ac1e965b9c70cbb5eaf843a924c2fbf4efa3a8bae6c  ulw-research/SKILL.md
045341d7d920c20e614cc99a875eab8398d888a887feb94bb674e1b9b5097178  visual-qa/SKILL.md
