9e36ab914f1bba22564562c4fbae8094052181677dd345cd11b653a075521cb3  /Users/sunsklys/.agents/skills/lark-approval/SKILL.md
02c039611f00fb8a950acb9d4cf90c529bde56bc9022c21ac21e44a9bc32515e  /Users/sunsklys/.agents/skills/lark-apps/SKILL.md
a0ea5f3fa176496dda31d912f7e55ad7cfed5243b30567d16e7f9dc96eebbe8b  /Users/sunsklys/.agents/skills/lark-attendance/SKILL.md
63bdc08252bed2eceb0687ff2e32993f04f2132380087591c2048d71e66bc789  /Users/sunsklys/.agents/skills/lark-base/SKILL.md
4e739cf89030aaea3e5085f3d758971967729f9899746ff5f8f4931b36f3e049  /Users/sunsklys/.agents/skills/lark-calendar/SKILL.md
94c3a645131c08dd9d72247d775788d1cadae0bad406e329e7207d9ca0c96ab4  /Users/sunsklys/.agents/skills/lark-contact/SKILL.md
ecaef07b0d391104e0c3448e50be786516b91c30a44dba77480f497d852d212a  /Users/sunsklys/.agents/skills/lark-doc/SKILL.md
f247e7b3fc4cd73c2c8725c9d54e41c3de4decedea520ae07f1807c4bedf543f  /Users/sunsklys/.agents/skills/lark-drive/SKILL.md
bd25ce44c5451ce9cab0140f4d35f708b86b996858041f3407924ba4a333a8e8  /Users/sunsklys/.agents/skills/lark-event/SKILL.md
8df44114cb1a7e55b9d2577ea34cd2fc9fefb7970feb635064c65148afbd50b9  /Users/sunsklys/.agents/skills/lark-im/SKILL.md
0064b8a0f9032a27f6b5fddd64751f310c90e2d0d2d59a5cc4ce71324f63ec62  /Users/sunsklys/.agents/skills/lark-mail/SKILL.md
c240e243d84b7869a53b4a42608a6a57097c21402ee6633eff48493a0dfddb94  /Users/sunsklys/.agents/skills/lark-markdown/SKILL.md
a0fe4404afccf3a75d93e0d4f23fb3b6d6f6a581e101643e7ccdcb5e7f0ea66d  /Users/sunsklys/.agents/skills/lark-minutes/SKILL.md
d6b2e162acbcf6c4d573dceeafa5c4041c4cf0ff0c955c8d4a3dbdaacfdf9661  /Users/sunsklys/.agents/skills/lark-note/SKILL.md
cfeacf88add9dd7242f3ce0a7b07ba9522044559a1f6a62975c4c3445c831493  /Users/sunsklys/.agents/skills/lark-okr/SKILL.md
ae89debc3f807f9947831b4525e1c118bc14544877c14c14aaa47298b1e863b4  /Users/sunsklys/.agents/skills/lark-openapi-explorer/SKILL.md
47eb16beb85cec95738ae8b9053793ef24baa65a11a0b94e7de451b8349ada24  /Users/sunsklys/.agents/skills/lark-shared/SKILL.md
7b1f0de266147e6e5ae8626ded360f67044282b475dda76dc63d426bb9c3fb0b  /Users/sunsklys/.agents/skills/lark-sheets/SKILL.md
8591158289a3cb003c7ac18001ce6b42837c780d2567492cea87bf98982b3678  /Users/sunsklys/.agents/skills/lark-skill-maker/SKILL.md
054f491b448d862a5c1e92ff41657fbd609886fc214f5be10aca9fbd23ddf94d  /Users/sunsklys/.agents/skills/lark-slides/SKILL.md
66ad1e523c25f5350540b81776775d1b00f59a17ae1d66c904e257a2433c6dd7  /Users/sunsklys/.agents/skills/lark-task/SKILL.md
dbda1b2aaf9269eacebd94dad4c1ab0493f722dc8daaecf64609829f67d78a76  /Users/sunsklys/.agents/skills/lark-vc-agent/SKILL.md
8adcf423411f1137d96897ecb100d20e2e684a17bcc2c7c9fc2514c1b2ea0d9e  /Users/sunsklys/.agents/skills/lark-vc/SKILL.md
2170c17f987b7e0726cde8d2c8cafa5b3520a002110d661fba630d4949ac734a  /Users/sunsklys/.agents/skills/lark-whiteboard/SKILL.md
9e3eab7ab8c8ed3d4df797f13df329b05bf5ca423ac50d85aa34a291e2838854  /Users/sunsklys/.agents/skills/lark-wiki/SKILL.md
7ff210ed2a8b35781bfa0989d0cd007d7bbff3b07163b9e0fc3343c5c2ff3a56  /Users/sunsklys/.agents/skills/lark-workflow-meeting-summary/SKILL.md
a283de746e65f97d7d25c3b9e351c2e5c16702be81c0f004d5be718c50994690  /Users/sunsklys/.agents/skills/lark-workflow-standup-report/SKILL.md
