c5512fb494945183219f23fe3edd05c601a09c396c5771bd750bf8a079b62d3e  ast-grep/SKILL.md
c69e63d2c60445bcb041cc41a40af9930e08ec9fb168edd2b71a7d66bfc55c84  coding-agent-sessions/SKILL.md
88765cc98a9d95ce6991485227dc9d5955f1b88764cf4ed0e269d722139eff3f  debugging/SKILL.md
c685bf2d1af51efc946096efd00d9c4de03fa8e5f602f01131a4f78730c7a17f  frontend/SKILL.md
1be137cfb44c11c2df9b91795cb69174ba0f98ceb8021468b3790c65698d67df  git-master/SKILL.md
e91afd9d818564e2c65483d01cb2b3d5a6e64fe2484e54009812ae1d3cce10fa  init-deep/SKILL.md
6d371892a29c28add6c98e438aab3c6575984a7fc0b746cd172eca00b0ace30e  kdocs/SKILL.md
9e36ab914f1bba22564562c4fbae8094052181677dd345cd11b653a075521cb3  lark-approval/SKILL.md
02c039611f00fb8a950acb9d4cf90c529bde56bc9022c21ac21e44a9bc32515e  lark-apps/SKILL.md
a0ea5f3fa176496dda31d912f7e55ad7cfed5243b30567d16e7f9dc96eebbe8b  lark-attendance/SKILL.md
63bdc08252bed2eceb0687ff2e32993f04f2132380087591c2048d71e66bc789  lark-base/SKILL.md
4e739cf89030aaea3e5085f3d758971967729f9899746ff5f8f4931b36f3e049  lark-calendar/SKILL.md
94c3a645131c08dd9d72247d775788d1cadae0bad406e329e7207d9ca0c96ab4  lark-contact/SKILL.md
ecaef07b0d391104e0c3448e50be786516b91c30a44dba77480f497d852d212a  lark-doc/SKILL.md
f247e7b3fc4cd73c2c8725c9d54e41c3de4decedea520ae07f1807c4bedf543f  lark-drive/SKILL.md
bd25ce44c5451ce9cab0140f4d35f708b86b996858041f3407924ba4a333a8e8  lark-event/SKILL.md
8df44114cb1a7e55b9d2577ea34cd2fc9fefb7970feb635064c65148afbd50b9  lark-im/SKILL.md
0064b8a0f9032a27f6b5fddd64751f310c90e2d0d2d59a5cc4ce71324f63ec62  lark-mail/SKILL.md
c240e243d84b7869a53b4a42608a6a57097c21402ee6633eff48493a0dfddb94  lark-markdown/SKILL.md
a0fe4404afccf3a75d93e0d4f23fb3b6d6f6a581e101643e7ccdcb5e7f0ea66d  lark-minutes/SKILL.md
d6b2e162acbcf6c4d573dceeafa5c4041c4cf0ff0c955c8d4a3dbdaacfdf9661  lark-note/SKILL.md
cfeacf88add9dd7242f3ce0a7b07ba9522044559a1f6a62975c4c3445c831493  lark-okr/SKILL.md
ae89debc3f807f9947831b4525e1c118bc14544877c14c14aaa47298b1e863b4  lark-openapi-explorer/SKILL.md
47eb16beb85cec95738ae8b9053793ef24baa65a11a0b94e7de451b8349ada24  lark-shared/SKILL.md
7b1f0de266147e6e5ae8626ded360f67044282b475dda76dc63d426bb9c3fb0b  lark-sheets/SKILL.md
8591158289a3cb003c7ac18001ce6b42837c780d2567492cea87bf98982b3678  lark-skill-maker/SKILL.md
054f491b448d862a5c1e92ff41657fbd609886fc214f5be10aca9fbd23ddf94d  lark-slides/SKILL.md
66ad1e523c25f5350540b81776775d1b00f59a17ae1d66c904e257a2433c6dd7  lark-task/SKILL.md
dbda1b2aaf9269eacebd94dad4c1ab0493f722dc8daaecf64609829f67d78a76  lark-vc-agent/SKILL.md
8adcf423411f1137d96897ecb100d20e2e684a17bcc2c7c9fc2514c1b2ea0d9e  lark-vc/SKILL.md
2170c17f987b7e0726cde8d2c8cafa5b3520a002110d661fba630d4949ac734a  lark-whiteboard/SKILL.md
9e3eab7ab8c8ed3d4df797f13df329b05bf5ca423ac50d85aa34a291e2838854  lark-wiki/SKILL.md
7ff210ed2a8b35781bfa0989d0cd007d7bbff3b07163b9e0fc3343c5c2ff3a56  lark-workflow-meeting-summary/SKILL.md
a283de746e65f97d7d25c3b9e351c2e5c16702be81c0f004d5be718c50994690  lark-workflow-standup-report/SKILL.md
42bf87caa5030af0bf693b1feac59530f1ad7428e2a1d8ca1344ece3084782ce  lsp-setup/SKILL.md
70d27a57fc1aad4ee18c68964610b7c6522d32138841e635f57a9684e0502fc5  programming/SKILL.md
31bd5c62f1b9075552768362b1a413b74e1f8f0bb1f78c6ff49e16d6e8f7b988  refactor/SKILL.md
90e250c79fb111017f5eb52d0ad0e804c7314e974b43acae6ef353b6281e8560  remove-ai-slops/SKILL.md
bd02445f639ffdfd48b6061e9aba27c3ba3252ef453aa1fee910e8c197e44395  review-work/SKILL.md
70a8a28922f47400498f00bde0437fd44a5f28293c3e8566df6b88dbbfd9bc66  start-work/SKILL.md
b3d974e28376e900ec8d77a3d0fa4cef71151f6743eaccbc18d798987e565182  ultimate-browsing/SKILL.md
6291df7b105da37d0336af8a6591a9e664cd2c731db7f0272d52d3717a0cf600  ulw-plan/SKILL.md
6764e781f7751c747b67650e2722e6b358f90f5fcc85f319bef597f45d95f2d0  ulw-research/SKILL.md
045341d7d920c20e614cc99a875eab8398d888a887feb94bb674e1b9b5097178  visual-qa/SKILL.md
